{
  "version": 4,
  "terraform_version": "1.14.3",
  "serial": 4,
  "lineage": "1f26c0c9-186d-deec-33f6-753fd9551677",
  "outputs": {},
  "resources": [
    {
      "mode": "managed",
      "type": "hcloud_firewall",
      "name": "docker_fw",
      "provider": "provider[\"registry.terraform.io/hetznercloud/hcloud\"]",
      "instances": [
        {
          "schema_version": 0,
          "attributes": {
            "apply_to": [],
            "id": "10342327",
            "labels": {},
            "name": "docker-fw",
            "rule": [
              {
                "description": "",
                "destination_ips": [],
                "direction": "in",
                "port": "22",
                "protocol": "tcp",
                "source_ips": [
                  "0.0.0.0/0"
                ]
              },
              {
                "description": "",
                "destination_ips": [],
                "direction": "in",
                "port": "443",
                "protocol": "tcp",
                "source_ips": [
                  "0.0.0.0/0"
                ]
              },
              {
                "description": "",
                "destination_ips": [],
                "direction": "in",
                "port": "80",
                "protocol": "tcp",
                "source_ips": [
                  "0.0.0.0/0"
                ]
              }
            ]
          },
          "sensitive_attributes": [],
          "identity_schema_version": 0,
          "private": "bnVsbA=="
        }
      ]
    },
    {
      "mode": "managed",
      "type": "hcloud_ssh_key",
      "name": "default",
      "provider": "provider[\"registry.terraform.io/hetznercloud/hcloud\"]",
      "instances": [
        {
          "schema_version": 0,
          "attributes": {
            "fingerprint": "13:5f:df:91:9b:54:93:51:69:c2:f6:af:51:56:bb:ea",
            "id": "104887901",
            "labels": {},
            "name": "hetzner-forus-key",
            "public_key": "ssh-ed25519 AAAAC3NzaC1lZDI1NTE5AAAAIBzM5+/pn+m3dimujCXQ1cr+uKhoIsFFUOkAbaf0gnIr moses@moses-ThinkPad-T14-Gen-4\n"
          },
          "sensitive_attributes": [],
          "identity_schema_version": 0
        }
      ]
    }
  ],
  "check_results": null
}
